{
  "name": "csv-string-optimization",
  "version": "1.0.0",
  "lockfileVersion": 1,
  "requires": true,
  "dependencies": {
    "cologne-phonetic": {
      "version": "0.1.0",
      "resolved": "https://registry.npmjs.org/cologne-phonetic/-/cologne-phonetic-0.1.0.tgz",
      "integrity": "sha1-hudhi2wAqoTY/IdtqybAmK8J5U0="
    },
    "commander": {
      "version": "2.14.1",
      "resolved": "https://registry.npmjs.org/commander/-/commander-2.14.1.tgz",
      "integrity": "sha512-+YR16o3rK53SmWHU3rEM3tPAh2rwb1yPcQX5irVn7mb0gXbwuCCrnkbV5+PBfETdfg1vui07nM6PCG1zndcjQw=="
    },
    "d3-dsv": {
      "version": "1.0.8",
      "resolved": "https://registry.npmjs.org/d3-dsv/-/d3-dsv-1.0.8.tgz",
      "integrity": "sha512-IVCJpQ+YGe3qu6odkPQI0KPqfxkhbP/oM1XhhE/DFiYmcXKfCRub4KXyiuehV1d4drjWVXHUWx4gHqhdZb6n/A==",
      "requires": {
        "commander": "2.14.1",
        "iconv-lite": "0.4.19",
        "rw": "1.3.3"
      }
    },
    "fs": {
      "version": "0.0.1-security",
      "resolved": "https://registry.npmjs.org/fs/-/fs-0.0.1-security.tgz",
      "integrity": "sha1-invTcYa23d84E/I4WLV+yq9eQdQ="
    },
    "iconv-lite": {
      "version": "0.4.19",
      "resolved": "https://registry.npmjs.org/iconv-lite/-/iconv-lite-0.4.19.tgz",
      "integrity": "sha512-oTZqweIP51xaGPI4uPa56/Pri/480R+mo7SeU+YETByQNhDG55ycFyNLIgta9vXhILrxXDmF7ZGhqZIcuN0gJQ=="
    },
    "js-levenshtein": {
      "version": "1.1.3",
      "resolved": "https://registry.npmjs.org/js-levenshtein/-/js-levenshtein-1.1.3.tgz",
      "integrity": "sha512-/812MXr9RBtMObviZ8gQBhHO8MOrGj8HlEE+4ccMTElNA/6I3u39u+bhny55Lk921yn44nSZFy9naNLElL5wgQ=="
    },
    "metaphone": {
      "version": "1.0.3",
      "resolved": "https://registry.npmjs.org/metaphone/-/metaphone-1.0.3.tgz",
      "integrity": "sha1-q8UD41Ua637hfzYcMiYg+UkpjU4="
    },
    "nan": {
      "version": "2.8.0",
      "resolved": "https://registry.npmjs.org/nan/-/nan-2.8.0.tgz",
      "integrity": "sha1-7XFfP+neArV6XmJS2QqWZ14fCFo="
    },
    "node-snowball": {
      "version": "0.2.0",
      "resolved": "https://registry.npmjs.org/node-snowball/-/node-snowball-0.2.0.tgz",
      "integrity": "sha1-/b2yyhrgpZIfJi4ChM25Ufp4m1k=",
      "requires": {
        "nan": "2.8.0"
      }
    },
    "rw": {
      "version": "1.3.3",
      "resolved": "https://registry.npmjs.org/rw/-/rw-1.3.3.tgz",
      "integrity": "sha1-P4Yt+pGrdmsUiF700BEkv9oHT7Q="
    }
  }
}
